
Microsoft Visual Studio Solution File, Format Version 12.00
# Visual Studio Version 16
VisualStudioVersion = 16.0.31005.135
MinimumVisualStudioVersion = 10.0.40219.1
Project("{FAE04EC0-301F-11D3-BF4B-00C04F79EFBC}") = "ConcesionariaSystem.Data", "ConcesionariaSystem.Data\ConcesionariaSystem.Data.csproj", "{D12AA10E-20A0-44AA-A7CC-39E2CEA109D0}"
EndProject
Project("{FAE04EC0-301F-11D3-BF4B-00C04F79EFBC}") = "ConcesionariaSystem.Models", "ConcesionariaSystem.Models\ConcesionariaSystem.Models.csproj", "{799EBF7C-2ED3-4394-9F7A-A1DAF9B2BD72}"
EndProject
Project("{FAE04EC0-301F-11D3-BF4B-00C04F79EFBC}") = "ConcesionariaSystem.Web", "ConcesionariaSystem.Web\ConcesionariaSystem.Web.csproj", "{D752B110-3860-453D-A316-0D5A5689E0D8}"
EndProject
Global
	GlobalSection(SolutionConfigurationPlatforms) = preSolution
		Debug|Any CPU = Debug|Any CPU
		Release|Any CPU = Release|Any CPU
	EndGlobalSection
	GlobalSection(ProjectConfigurationPlatforms) = postSolution
		{D12AA10E-20A0-44AA-A7CC-39E2CEA109D0}.Debug|Any CPU.ActiveCfg = Debug|Any CPU
		{D12AA10E-20A0-44AA-A7CC-39E2CEA109D0}.Debug|Any CPU.Build.0 = Debug|Any CPU
		{D12AA10E-20A0-44AA-A7CC-39E2CEA109D0}.Release|Any CPU.ActiveCfg = Release|Any CPU
		{D12AA10E-20A0-44AA-A7CC-39E2CEA109D0}.Release|Any CPU.Build.0 = Release|Any CPU
		{799EBF7C-2ED3-4394-9F7A-A1DAF9B2BD72}.Debug|Any CPU.ActiveCfg = Debug|Any CPU
		{799EBF7C-2ED3-4394-9F7A-A1DAF9B2BD72}.Debug|Any CPU.Build.0 = Debug|Any CPU
		{799EBF7C-2ED3-4394-9F7A-A1DAF9B2BD72}.Release|Any CPU.ActiveCfg = Release|Any CPU
		{799EBF7C-2ED3-4394-9F7A-A1DAF9B2BD72}.Release|Any CPU.Build.0 = Release|Any CPU
		{D752B110-3860-453D-A316-0D5A5689E0D8}.Debug|Any CPU.ActiveCfg = Debug|Any CPU
		{D752B110-3860-453D-A316-0D5A5689E0D8}.Debug|Any CPU.Build.0 = Debug|Any CPU
		{D752B110-3860-453D-A316-0D5A5689E0D8}.Release|Any CPU.ActiveCfg = Release|Any CPU
		{D752B110-3860-453D-A316-0D5A5689E0D8}.Release|Any CPU.Build.0 = Release|Any CPU
	EndGlobalSection
	GlobalSection(SolutionProperties) = preSolution
		HideSolutionNode = FALSE
	EndGlobalSection
	GlobalSection(ExtensibilityGlobals) = postSolution
		SolutionGuid = {FB16D674-4322-4C76-90C6-CBA4E1C84C76}
	EndGlobalSection
EndGlobal
